
Microsoft Visual Studio Solution File, Format Version 12.00
# Visual Studio 15
VisualStudioVersion = 15.0.28307.705
MinimumVisualStudioVersion = 10.0.40219.1
Project("{FAE04EC0-301F-11D3-BF4B-00C04F79EFBC}") = "MyBank", "MyBank\MyBank.csproj", "{528F3EAE-87E4-4455-A0B3-197A2DC96778}"
EndProject
Project("{FAE04EC0-301F-11D3-BF4B-00C04F79EFBC}") = "Client.Entities", "Client.Entities\Client.Entities.csproj", "{BCB91406-3F94-4D0C-9CB5-F0BE1B019100}"
EndProject
Project("{2150E333-8FDC-42A3-9474-1A3956D46DE8}") = "Client", "Client", "{8515C09E-B7D6-4A60-8769-7A02A17F0B7F}"
EndProject
Project("{2150E333-8FDC-42A3-9474-1A3956D46DE8}") = "Business", "Business", "{82E61C20-4BD5-4C93-A27A-E3C79CF364FE}"
EndProject
Project("{FAE04EC0-301F-11D3-BF4B-00C04F79EFBC}") = "Business.Entities", "Business.Entities\Business.Entities.csproj", "{AD1876E0-E74F-4C11-9EAE-D52188A55C11}"
EndProject
Project("{FAE04EC0-301F-11D3-BF4B-00C04F79EFBC}") = "Client.Service", "Client.Service\Client.Service.csproj", "{7469D047-79C6-4850-A360-5729A2996B7D}"
EndProject
Project("{FAE04EC0-301F-11D3-BF4B-00C04F79EFBC}") = "Business.Service", "Business.Service\Business.Service.csproj", "{D76511D3-B97D-462F-9C3C-13136B7532BA}"
EndProject
Project("{FAE04EC0-301F-11D3-BF4B-00C04F79EFBC}") = "Business.Contracts", "Business.Contracts\Business.Contracts.csproj", "{AA8BD554-0E30-4BA5-9D6C-DFF9C9B3B149}"
EndProject
Project("{FAE04EC0-301F-11D3-BF4B-00C04F79EFBC}") = "Client.Contracts", "Client.Contracts\Client.Contracts.csproj", "{D45D67EF-8CE3-48B1-AC69-9D48C5C89704}"
EndProject
Project("{FAE04EC0-301F-11D3-BF4B-00C04F79EFBC}") = "BusinessLogic.Tests", "Business.Tests\BusinessLogic.Tests.csproj", "{F99E652D-80FE-4B61-BD48-6EC28CD57CB7}"
EndProject
Project("{2150E333-8FDC-42A3-9474-1A3956D46DE8}") = "Tests", "Tests", "{409F213D-DF8E-4811-9D53-849B80A555E5}"
EndProject
Project("{2150E333-8FDC-42A3-9474-1A3956D46DE8}") = "Frontend", "Frontend", "{3AE1C68E-CBC6-4242-8C99-E79C2D515264}"
EndProject
Project("{2150E333-8FDC-42A3-9474-1A3956D46DE8}") = "Common", "Common", "{3B046251-6A78-4ACA-94F2-CB20474B0DDB}"
EndProject
Project("{FAE04EC0-301F-11D3-BF4B-00C04F79EFBC}") = "BusinessLogic", "BusinessLogic\BusinessLogic.csproj", "{5C63BB7E-CC0E-4C72-BE8F-4450A283B6E8}"
EndProject
Project("{FAE04EC0-301F-11D3-BF4B-00C04F79EFBC}") = "BusinessLogic.Contracts", "BusinessLogic.Contracts\BusinessLogic.Contracts.csproj", "{C5AC4AC0-6049-4CA9-BACB-C3FEEFB82124}"
EndProject
Project("{2150E333-8FDC-42A3-9474-1A3956D46DE8}") = "DataAccess", "DataAccess", "{538D415F-0C52-4A28-8EFB-12310B1C5266}"
EndProject
Project("{FAE04EC0-301F-11D3-BF4B-00C04F79EFBC}") = "Data", "Data\Data.csproj", "{59F7C4E6-37A0-49CF-83D5-7D6E5BE21868}"
EndProject
Project("{FAE04EC0-301F-11D3-BF4B-00C04F79EFBC}") = "Data.Contracts", "Data.Contracts\Data.Contracts.csproj", "{08518707-BE68-4570-92B6-1EEC169E7FEF}"
EndProject
Project("{2150E333-8FDC-42A3-9474-1A3956D46DE8}") = "UnitTests", "UnitTests", "{3A0B7225-2E4B-47B0-8008-23098C1DBD4B}"
EndProject
Global
	GlobalSection(SolutionConfigurationPlatforms) = preSolution
		Debug|Any CPU = Debug|Any CPU
		Release|Any CPU = Release|Any CPU
	EndGlobalSection
	GlobalSection(ProjectConfigurationPlatforms) = postSolution
		{528F3EAE-87E4-4455-A0B3-197A2DC96778}.Debug|Any CPU.ActiveCfg = Debug|Any CPU
		{528F3EAE-87E4-4455-A0B3-197A2DC96778}.Debug|Any CPU.Build.0 = Debug|Any CPU
		{528F3EAE-87E4-4455-A0B3-197A2DC96778}.Release|Any CPU.ActiveCfg = Release|Any CPU
		{528F3EAE-87E4-4455-A0B3-197A2DC96778}.Release|Any CPU.Build.0 = Release|Any CPU
		{BCB91406-3F94-4D0C-9CB5-F0BE1B019100}.Debug|Any CPU.ActiveCfg = Debug|Any CPU
		{BCB91406-3F94-4D0C-9CB5-F0BE1B019100}.Debug|Any CPU.Build.0 = Debug|Any CPU
		{BCB91406-3F94-4D0C-9CB5-F0BE1B019100}.Release|Any CPU.ActiveCfg = Release|Any CPU
		{BCB91406-3F94-4D0C-9CB5-F0BE1B019100}.Release|Any CPU.Build.0 = Release|Any CPU
		{AD1876E0-E74F-4C11-9EAE-D52188A55C11}.Debug|Any CPU.ActiveCfg = Debug|Any CPU
		{AD1876E0-E74F-4C11-9EAE-D52188A55C11}.Debug|Any CPU.Build.0 = Debug|Any CPU
		{AD1876E0-E74F-4C11-9EAE-D52188A55C11}.Release|Any CPU.ActiveCfg = Release|Any CPU
		{AD1876E0-E74F-4C11-9EAE-D52188A55C11}.Release|Any CPU.Build.0 = Release|Any CPU
		{7469D047-79C6-4850-A360-5729A2996B7D}.Debug|Any CPU.ActiveCfg = Debug|Any CPU
		{7469D047-79C6-4850-A360-5729A2996B7D}.Debug|Any CPU.Build.0 = Debug|Any CPU
		{7469D047-79C6-4850-A360-5729A2996B7D}.Release|Any CPU.ActiveCfg = Release|Any CPU
		{7469D047-79C6-4850-A360-5729A2996B7D}.Release|Any CPU.Build.0 = Release|Any CPU
		{D76511D3-B97D-462F-9C3C-13136B7532BA}.Debug|Any CPU.ActiveCfg = Debug|Any CPU
		{D76511D3-B97D-462F-9C3C-13136B7532BA}.Debug|Any CPU.Build.0 = Debug|Any CPU
		{D76511D3-B97D-462F-9C3C-13136B7532BA}.Release|Any CPU.ActiveCfg = Release|Any CPU
		{D76511D3-B97D-462F-9C3C-13136B7532BA}.Release|Any CPU.Build.0 = Release|Any CPU
		{AA8BD554-0E30-4BA5-9D6C-DFF9C9B3B149}.Debug|Any CPU.ActiveCfg = Debug|Any CPU
		{AA8BD554-0E30-4BA5-9D6C-DFF9C9B3B149}.Debug|Any CPU.Build.0 = Debug|Any CPU
		{AA8BD554-0E30-4BA5-9D6C-DFF9C9B3B149}.Release|Any CPU.ActiveCfg = Release|Any CPU
		{AA8BD554-0E30-4BA5-9D6C-DFF9C9B3B149}.Release|Any CPU.Build.0 = Release|Any CPU
		{D45D67EF-8CE3-48B1-AC69-9D48C5C89704}.Debug|Any CPU.ActiveCfg = Debug|Any CPU
		{D45D67EF-8CE3-48B1-AC69-9D48C5C89704}.Debug|Any CPU.Build.0 = Debug|Any CPU
		{D45D67EF-8CE3-48B1-AC69-9D48C5C89704}.Release|Any CPU.ActiveCfg = Release|Any CPU
		{D45D67EF-8CE3-48B1-AC69-9D48C5C89704}.Release|Any CPU.Build.0 = Release|Any CPU
		{F99E652D-80FE-4B61-BD48-6EC28CD57CB7}.Debug|Any CPU.ActiveCfg = Debug|Any CPU
		{F99E652D-80FE-4B61-BD48-6EC28CD57CB7}.Debug|Any CPU.Build.0 = Debug|Any CPU
		{F99E652D-80FE-4B61-BD48-6EC28CD57CB7}.Release|Any CPU.ActiveCfg = Release|Any CPU
		{F99E652D-80FE-4B61-BD48-6EC28CD57CB7}.Release|Any CPU.Build.0 = Release|Any CPU
		{5C63BB7E-CC0E-4C72-BE8F-4450A283B6E8}.Debug|Any CPU.ActiveCfg = Debug|Any CPU
		{5C63BB7E-CC0E-4C72-BE8F-4450A283B6E8}.Debug|Any CPU.Build.0 = Debug|Any CPU
		{5C63BB7E-CC0E-4C72-BE8F-4450A283B6E8}.Release|Any CPU.ActiveCfg = Release|Any CPU
		{5C63BB7E-CC0E-4C72-BE8F-4450A283B6E8}.Release|Any CPU.Build.0 = Release|Any CPU
		{C5AC4AC0-6049-4CA9-BACB-C3FEEFB82124}.Debug|Any CPU.ActiveCfg = Debug|Any CPU
		{C5AC4AC0-6049-4CA9-BACB-C3FEEFB82124}.Debug|Any CPU.Build.0 = Debug|Any CPU
		{C5AC4AC0-6049-4CA9-BACB-C3FEEFB82124}.Release|Any CPU.ActiveCfg = Release|Any CPU
		{C5AC4AC0-6049-4CA9-BACB-C3FEEFB82124}.Release|Any CPU.Build.0 = Release|Any CPU
		{59F7C4E6-37A0-49CF-83D5-7D6E5BE21868}.Debug|Any CPU.ActiveCfg = Debug|Any CPU
		{59F7C4E6-37A0-49CF-83D5-7D6E5BE21868}.Debug|Any CPU.Build.0 = Debug|Any CPU
		{59F7C4E6-37A0-49CF-83D5-7D6E5BE21868}.Release|Any CPU.ActiveCfg = Release|Any CPU
		{59F7C4E6-37A0-49CF-83D5-7D6E5BE21868}.Release|Any CPU.Build.0 = Release|Any CPU
		{08518707-BE68-4570-92B6-1EEC169E7FEF}.Debug|Any CPU.ActiveCfg = Debug|Any CPU
		{08518707-BE68-4570-92B6-1EEC169E7FEF}.Debug|Any CPU.Build.0 = Debug|Any CPU
		{08518707-BE68-4570-92B6-1EEC169E7FEF}.Release|Any CPU.ActiveCfg = Release|Any CPU
		{08518707-BE68-4570-92B6-1EEC169E7FEF}.Release|Any CPU.Build.0 = Release|Any CPU
	EndGlobalSection
	GlobalSection(SolutionProperties) = preSolution
		HideSolutionNode = FALSE
	EndGlobalSection
	GlobalSection(NestedProjects) = preSolution
		{528F3EAE-87E4-4455-A0B3-197A2DC96778} = {3AE1C68E-CBC6-4242-8C99-E79C2D515264}
		{BCB91406-3F94-4D0C-9CB5-F0BE1B019100} = {8515C09E-B7D6-4A60-8769-7A02A17F0B7F}
		{AD1876E0-E74F-4C11-9EAE-D52188A55C11} = {82E61C20-4BD5-4C93-A27A-E3C79CF364FE}
		{7469D047-79C6-4850-A360-5729A2996B7D} = {8515C09E-B7D6-4A60-8769-7A02A17F0B7F}
		{D76511D3-B97D-462F-9C3C-13136B7532BA} = {82E61C20-4BD5-4C93-A27A-E3C79CF364FE}
		{AA8BD554-0E30-4BA5-9D6C-DFF9C9B3B149} = {82E61C20-4BD5-4C93-A27A-E3C79CF364FE}
		{D45D67EF-8CE3-48B1-AC69-9D48C5C89704} = {8515C09E-B7D6-4A60-8769-7A02A17F0B7F}
		{F99E652D-80FE-4B61-BD48-6EC28CD57CB7} = {3A0B7225-2E4B-47B0-8008-23098C1DBD4B}
		{5C63BB7E-CC0E-4C72-BE8F-4450A283B6E8} = {3B046251-6A78-4ACA-94F2-CB20474B0DDB}
		{C5AC4AC0-6049-4CA9-BACB-C3FEEFB82124} = {3B046251-6A78-4ACA-94F2-CB20474B0DDB}
		{59F7C4E6-37A0-49CF-83D5-7D6E5BE21868} = {538D415F-0C52-4A28-8EFB-12310B1C5266}
		{08518707-BE68-4570-92B6-1EEC169E7FEF} = {538D415F-0C52-4A28-8EFB-12310B1C5266}
		{3A0B7225-2E4B-47B0-8008-23098C1DBD4B} = {409F213D-DF8E-4811-9D53-849B80A555E5}
	EndGlobalSection
	GlobalSection(ExtensibilityGlobals) = postSolution
		SolutionGuid = {08F7E766-4741-4A52-8BDB-F2C788BE4F4F}
	EndGlobalSection
EndGlobal
